// !$*UTF8*$!
{
	archiveVersion = 1;
	classes = {
	};
	objectVersion = 77;
	objects = {

/* Begin PBXBuildFile section */
		DF0DA35D2FE8459500A02339 /* SwiftStreamingMarkdown in Frameworks */ = {isa = PBXBuildFile; productRef = DF0DA35C2FE8459500A02339 /* SwiftStreamingMarkdown */; };
		DF6AD85C2FE9E5530045484F /* ReceiptParser in Frameworks */ = {isa = PBXBuildFile; productRef = DF6AD85B2FE9E5530045484F /* ReceiptParser */; };
		DF6AD85E2FE9E5530045484F /* RevenueCat in Frameworks */ = {isa = PBXBuildFile; productRef = DF6AD85D2FE9E5530045484F /* RevenueCat */; };
		DF6AD8602FE9E5530045484F /* RevenueCatUI in Frameworks */ = {isa = PBXBuildFile; productRef = DF6AD85F2FE9E5530045484F /* RevenueCatUI */; };
		DF6ADDC22FEAF2CC0045484F /* iosClip.app in Embed App Clips */ = {isa = PBXBuildFile; fileRef = DF6ADD9E2FEAF2CB0045484F /* iosClip.app */; settings = {ATTRIBUTES = (RemoveHeadersOnCopy, ); }; };
		DF6ADDF22FEB03A30045484F /* SwiftStreamingMarkdown in Frameworks */ = {isa = PBXBuildFile; productRef = DF6ADDF12FEB03A30045484F /* SwiftStreamingMarkdown */; };
		DF6ADDF42FEB03A30045484F /* RxAuthSwift in Frameworks */ = {isa = PBXBuildFile; productRef = DF6ADDF32FEB03A30045484F /* RxAuthSwift */; };
		DF6ADDF62FEB03A30045484F /* RxAuthSwiftUI in Frameworks */ = {isa = PBXBuildFile; productRef = DF6ADDF52FEB03A30045484F /* RxAuthSwiftUI */; };
		DF6ADDF92FEB03C60045484F /* RevenueCatUI in Frameworks */ = {isa = PBXBuildFile; productRef = DF6ADDF82FEB03C60045484F /* RevenueCatUI */; };
		DF6AE8592FEBD09E0045484F /* icon.icon in Resources */ = {isa = PBXBuildFile; fileRef = DF6AE8582FEBD09E0045484F /* icon.icon */; };
		DF6AE85A2FEBD09E0045484F /* icon.icon in Resources */ = {isa = PBXBuildFile; fileRef = DF6AE8582FEBD09E0045484F /* icon.icon */; };
		DFF5269E2FE8529A007BEF2A /* RxAuthSwift in Frameworks */ = {isa = PBXBuildFile; productRef = DFF5269D2FE8529A007BEF2A /* RxAuthSwift */; };
		DFF526A02FE8529A007BEF2A /* RxAuthSwiftUI in Frameworks */ = {isa = PBXBuildFile; productRef = DFF5269F2FE8529A007BEF2A /* RxAuthSwiftUI */; };
/* End PBXBuildFile section */

/* Begin PBXContainerItemProxy section */
		DF0DA33F2FE8445600A02339 /* PBXContainerItemProxy */ = {
			isa = PBXContainerItemProxy;
			containerPortal = DF0DA3272FE8445500A02339 /* Project object */;
			proxyType = 1;
			remoteGlobalIDString = DF0DA32E2FE8445500A02339;
			remoteInfo = iOS;
		};
		DF0DA3492FE8445600A02339 /* PBXContainerItemProxy */ = {
			isa = PBXContainerItemProxy;
			containerPortal = DF0DA3272FE8445500A02339 /* Project object */;
			proxyType = 1;
			remoteGlobalIDString = DF0DA32E2FE8445500A02339;
			remoteInfo = iOS;
		};
		DF6ADDAF2FEAF2CC0045484F /* PBXContainerItemProxy */ = {
			isa = PBXContainerItemProxy;
			containerPortal = DF0DA3272FE8445500A02339 /* Project object */;
			proxyType = 1;
			remoteGlobalIDString = DF6ADD9D2FEAF2CB0045484F;
			remoteInfo = iosClip;
		};
		DF6ADDB92FEAF2CC0045484F /* PBXContainerItemProxy */ = {
			isa = PBXContainerItemProxy;
			containerPortal = DF0DA3272FE8445500A02339 /* Project object */;
			proxyType = 1;
			remoteGlobalIDString = DF6ADD9D2FEAF2CB0045484F;
			remoteInfo = iosClip;
		};
		DF6ADDC02FEAF2CC0045484F /* PBXContainerItemProxy */ = {
			isa = PBXContainerItemProxy;
			containerPortal = DF0DA3272FE8445500A02339 /* Project object */;
			proxyType = 1;
			remoteGlobalIDString = DF6ADD9D2FEAF2CB0045484F;
			remoteInfo = iosClip;
		};
/* End PBXContainerItemProxy section */

/* Begin PBXCopyFilesBuildPhase section */
		DF6ADDC72FEAF2CC0045484F /* Embed App Clips */ = {
			isa = PBXCopyFilesBuildPhase;
			buildActionMask = 2147483647;
			dstPath = "$(CONTENTS_FOLDER_PATH)/AppClips";
			dstSubfolderSpec = 16;
			files = (
				DF6ADDC22FEAF2CC0045484F /* iosClip.app in Embed App Clips */,
			);
			name = "Embed App Clips";
			runOnlyForDeploymentPostprocessing = 0;
		};
/* End PBXCopyFilesBuildPhase section */

/* Begin PBXFileReference section */
		DF0DA32F2FE8445500A02339 /* iOS.app */ = {isa = PBXFileReference; explicitFileType = wrapper.application; includeInIndex = 0; path = iOS.app; sourceTree = BUILT_PRODUCTS_DIR; };
		DF0DA33E2FE8445600A02339 /* iOSTests.xctest */ = {isa = PBXFileReference; explicitFileType = wrapper.cfbundle; includeInIndex = 0; path = iOSTests.xctest; sourceTree = BUILT_PRODUCTS_DIR; };
		DF0DA3482FE8445600A02339 /* iOSUITests.xctest */ = {isa = PBXFileReference; explicitFileType = wrapper.cfbundle; includeInIndex = 0; path = iOSUITests.xctest; sourceTree = BUILT_PRODUCTS_DIR; };
		DF6ADD9E2FEAF2CB0045484F /* iosClip.app */ = {isa = PBXFileReference; explicitFileType = wrapper.application; includeInIndex = 0; path = iosClip.app; sourceTree = BUILT_PRODUCTS_DIR; };
		DF6ADDAE2FEAF2CC0045484F /* iosClipTests.xctest */ = {isa = PBXFileReference; explicitFileType = wrapper.cfbundle; includeInIndex = 0; path = iosClipTests.xctest; sourceTree = BUILT_PRODUCTS_DIR; };
		DF6ADDB82FEAF2CC0045484F /* iosClipUITests.xctest */ = {isa = PBXFileReference; explicitFileType = wrapper.cfbundle; includeInIndex = 0; path = iosClipUITests.xctest; sourceTree = BUILT_PRODUCTS_DIR; };
		DF6AE8582FEBD09E0045484F /* icon.icon */ = {isa = PBXFileReference; lastKnownFileType = folder.iconcomposer.icon; path = icon.icon; sourceTree = "<group>"; };
		DFF526A12FE852D0007BEF2A /* Debug.xcconfig */ = {isa = PBXFileReference; lastKnownFileType = text.xcconfig; path = Debug.xcconfig; sourceTree = "<group>"; };
		DFF526A22FE852D0007BEF2A /* Release.xcconfig */ = {isa = PBXFileReference; lastKnownFileType = text.xcconfig; path = Release.xcconfig; sourceTree = "<group>"; };
		DFF526A32FE852D0007BEF2A /* Info.plist */ = {isa = PBXFileReference; lastKnownFileType = text.plist.xml; path = Info.plist; sourceTree = "<group>"; };
		DFF526A42FE852D0007BEF2A /* iOS.entitlements */ = {isa = PBXFileReference; lastKnownFileType = text.plist.entitlements; path = iOS.entitlements; sourceTree = "<group>"; };
/* End PBXFileReference section */

/* Begin PBXFileSystemSynchronizedBuildFileExceptionSet section */
		DF6ADDC32FEAF2CC0045484F /* Exceptions for "iosClip" folder in "iosClip" target */ = {
			isa = PBXFileSystemSynchronizedBuildFileExceptionSet;
			membershipExceptions = (
				Info.plist,
			);
			target = DF6ADD9D2FEAF2CB0045484F /* iosClip */;
		};
		DF6ADDDD2FEB03020045484F /* Exceptions for "iOS" folder in "iosClip" target */ = {
			isa = PBXFileSystemSynchronizedBuildFileExceptionSet;
			membershipExceptions = (
				Auth/AuthManager.swift,
				Config.swift,
				Design/MarkdownText.swift,
				Design/MessageList.swift,
				Design/MessageListPinningController.swift,
				Design/MessageListScrollAnchor.swift,
				Design/Theme.swift,
				Features/Launch/LaunchFlowPlan.swift,
				Features/Launch/LaunchFlowStore.swift,
				Features/Launch/LaunchFlowView.swift,
				Features/Launch/WelcomeSheet.swift,
				Features/Launch/WhatsNewFeature.swift,
				Features/Launch/WhatsNewSheet.swift,
				Features/Library/CoverEditor.swift,
				Features/Library/CoverEditorSheet.swift,
				Features/Library/LibraryView.swift,
				Features/Library/MarketplaceView.swift,
				Features/Library/PublishStationSheet.swift,
				Features/Plan/AttachmentSupport.swift,
				Features/Plan/NewDiscussionView.swift,
				Features/Plan/PlanDetailView.swift,
				Features/Plan/PlanSnapshotView.swift,
				Features/Plan/SourcesView.swift,
				Features/Plan/SpeakerModelsSheet.swift,
				Features/Player/AudioMessagePlayer.swift,
				Features/Player/CoverPalette.swift,
				Features/Player/FullScreenPlayerView.swift,
				Features/Player/PlayerModel.swift,
				Features/Player/PodcastPlayerView.swift,
				Features/Player/VoiceMessageRecorder.swift,
				Features/Player/VoiceRecorderSheet.swift,
				Features/Share/ShareSheet.swift,
				Networking/AcceptLanguage.swift,
				Networking/APIClient.swift,
				Networking/APIModels.swift,
				Networking/DeepLinkRouter.swift,
				Networking/JobSocket.swift,
				Networking/ShareModels.swift,
				Persistence/DataModels.swift,
				Persistence/Mapping.swift,
				Persistence/PersistenceController.swift,
				Purchases/PaywallScreen.swift,
				Purchases/PointsHistoryView.swift,
				Purchases/PurchaseManager.swift,
				Support/AppConfig.swift,
			);
			target = DF6ADD9D2FEAF2CB0045484F /* iosClip */;
		};
/* End PBXFileSystemSynchronizedBuildFileExceptionSet section */

/* Begin PBXFileSystemSynchronizedRootGroup section */
		DF0DA3312FE8445500A02339 /* iOS */ = {
			isa = PBXFileSystemSynchronizedRootGroup;
			exceptions = (
				DF6ADDDD2FEB03020045484F /* Exceptions for "iOS" folder in "iosClip" target */,
			);
			path = iOS;
			sourceTree = "<group>";
		};
		DF0DA3412FE8445600A02339 /* iOSTests */ = {
			isa = PBXFileSystemSynchronizedRootGroup;
			path = iOSTests;
			sourceTree = "<group>";
		};
		DF0DA34B2FE8445600A02339 /* iOSUITests */ = {
			isa = PBXFileSystemSynchronizedRootGroup;
			path = iOSUITests;
			sourceTree = "<group>";
		};
		DF6ADD9F2FEAF2CB0045484F /* iosClip */ = {
			isa = PBXFileSystemSynchronizedRootGroup;
			exceptions = (
				DF6ADDC32FEAF2CC0045484F /* Exceptions for "iosClip" folder in "iosClip" target */,
			);
			path = iosClip;
			sourceTree = "<group>";
		};
		DF6ADDB12FEAF2CC0045484F /* iosClipTests */ = {
			isa = PBXFileSystemSynchronizedRootGroup;
			path = iosClipTests;
			sourceTree = "<group>";
		};
		DF6ADDBB2FEAF2CC0045484F /* iosClipUITests */ = {
			isa = PBXFileSystemSynchronizedRootGroup;
			path = iosClipUITests;
			sourceTree = "<group>";
		};
/* End PBXFileSystemSynchronizedRootGroup section */

/* Begin PBXFrameworksBuildPhase section */
		DF0DA32C2FE8445500A02339 /* Frameworks */ = {
			isa = PBXFrameworksBuildPhase;
			buildActionMask = 2147483647;
			files = (
				DFF5269E2FE8529A007BEF2A /* RxAuthSwift in Frameworks */,
				DFF526A02FE8529A007BEF2A /* RxAuthSwiftUI in Frameworks */,
				DF6AD8602FE9E5530045484F /* RevenueCatUI in Frameworks */,
				DF6AD85E2FE9E5530045484F /* RevenueCat in Frameworks */,
				DF6AD85C2FE9E5530045484F /* ReceiptParser in Frameworks */,
				DF0DA35D2FE8459500A02339 /* SwiftStreamingMarkdown in Frameworks */,
			);
			runOnlyForDeploymentPostprocessing = 0;
		};
		DF0DA33B2FE8445600A02339 /* Frameworks */ = {
			isa = PBXFrameworksBuildPhase;
			buildActionMask = 2147483647;
			files = (
			);
			runOnlyForDeploymentPostprocessing = 0;
		};
		DF0DA3452FE8445600A02339 /* Frameworks */ = {
			isa = PBXFrameworksBuildPhase;
			buildActionMask = 2147483647;
			files = (
			);
			runOnlyForDeploymentPostprocessing = 0;
		};
		DF6ADD9B2FEAF2CB0045484F /* Frameworks */ = {
			isa = PBXFrameworksBuildPhase;
			buildActionMask = 2147483647;
			files = (
				DF6ADDF92FEB03C60045484F /* RevenueCatUI in Frameworks */,
				DF6ADDF42FEB03A30045484F /* RxAuthSwift in Frameworks */,
				DF6ADDF62FEB03A30045484F /* RxAuthSwiftUI in Frameworks */,
				DF6ADDF22FEB03A30045484F /* SwiftStreamingMarkdown in Frameworks */,
			);
			runOnlyForDeploymentPostprocessing = 0;
		};
		DF6ADDAB2FEAF2CC0045484F /* Frameworks */ = {
			isa = PBXFrameworksBuildPhase;
			buildActionMask = 2147483647;
			files = (
			);
			runOnlyForDeploymentPostprocessing = 0;
		};
		DF6ADDB52FEAF2CC0045484F /* Frameworks */ = {
			isa = PBXFrameworksBuildPhase;
			buildActionMask = 2147483647;
			files = (
			);
			runOnlyForDeploymentPostprocessing = 0;
		};
/* End PBXFrameworksBuildPhase section */

/* Begin PBXGroup section */
		DF0DA3262FE8445500A02339 = {
			isa = PBXGroup;
			children = (
				DF6AE8582FEBD09E0045484F /* icon.icon */,
				DFF526A52FE852D0007BEF2A /* Config */,
				DF0DA3312FE8445500A02339 /* iOS */,
				DF0DA3412FE8445600A02339 /* iOSTests */,
				DF0DA34B2FE8445600A02339 /* iOSUITests */,
				DF6ADD9F2FEAF2CB0045484F /* iosClip */,
				DF6ADDB12FEAF2CC0045484F /* iosClipTests */,
				DF6ADDBB2FEAF2CC0045484F /* iosClipUITests */,
				DF6ADDF02FEB03A30045484F /* Frameworks */,
				DF0DA3302FE8445500A02339 /* Products */,
			);
			sourceTree = "<group>";
		};
		DF0DA3302FE8445500A02339 /* Products */ = {
			isa = PBXGroup;
			children = (
				DF0DA32F2FE8445500A02339 /* iOS.app */,
				DF0DA33E2FE8445600A02339 /* iOSTests.xctest */,
				DF0DA3482FE8445600A02339 /* iOSUITests.xctest */,
				DF6ADD9E2FEAF2CB0045484F /* iosClip.app */,
				DF6ADDAE2FEAF2CC0045484F /* iosClipTests.xctest */,
				DF6ADDB82FEAF2CC0045484F /* iosClipUITests.xctest */,
			);
			name = Products;
			sourceTree = "<group>";
		};
		DF6ADDF02FEB03A30045484F /* Frameworks */ = {
			isa = PBXGroup;
			children = (
			);
			name = Frameworks;
			sourceTree = "<group>";
		};
		DFF526A52FE852D0007BEF2A /* Config */ = {
			isa = PBXGroup;
			children = (
				DFF526A12FE852D0007BEF2A /* Debug.xcconfig */,
				DFF526A22FE852D0007BEF2A /* Release.xcconfig */,
				DFF526A32FE852D0007BEF2A /* Info.plist */,
				DFF526A42FE852D0007BEF2A /* iOS.entitlements */,
			);
			path = Config;
			sourceTree = "<group>";
		};
/* End PBXGroup section */

/* Begin PBXNativeTarget section */
		DF0DA32E2FE8445500A02339 /* iOS */ = {
			isa = PBXNativeTarget;
			buildConfigurationList = DF0DA3522FE8445600A02339 /* Build configuration list for PBXNativeTarget "iOS" */;
			buildPhases = (
				DF0DA32B2FE8445500A02339 /* Sources */,
				DF0DA32C2FE8445500A02339 /* Frameworks */,
				DF0DA32D2FE8445500A02339 /* Resources */,
				DF6ADDC72FEAF2CC0045484F /* Embed App Clips */,
			);
			buildRules = (
			);
			dependencies = (
				DF6ADDC12FEAF2CC0045484F /* PBXTargetDependency */,
			);
			fileSystemSynchronizedGroups = (
				DF0DA3312FE8445500A02339 /* iOS */,
			);
			name = iOS;
			packageProductDependencies = (
				DF0DA35C2FE8459500A02339 /* SwiftStreamingMarkdown */,
				DFF5269D2FE8529A007BEF2A /* RxAuthSwift */,
				DFF5269F2FE8529A007BEF2A /* RxAuthSwiftUI */,
				DF6AD85B2FE9E5530045484F /* ReceiptParser */,
				DF6AD85D2FE9E5530045484F /* RevenueCat */,
				DF6AD85F2FE9E5530045484F /* RevenueCatUI */,
			);
			productName = iOS;
			productReference = DF0DA32F2FE8445500A02339 /* iOS.app */;
			productType = "com.apple.product-type.application";
		};
		DF0DA33D2FE8445600A02339 /* iOSTests */ = {
			isa = PBXNativeTarget;
			buildConfigurationList = DF0DA3552FE8445600A02339 /* Build configuration list for PBXNativeTarget "iOSTests" */;
			buildPhases = (
				DF0DA33A2FE8445600A02339 /* Sources */,
				DF0DA33B2FE8445600A02339 /* Frameworks */,
				DF0DA33C2FE8445600A02339 /* Resources */,
			);
			buildRules = (
			);
			dependencies = (
				DF0DA3402FE8445600A02339 /* PBXTargetDependency */,
			);
			fileSystemSynchronizedGroups = (
				DF0DA3412FE8445600A02339 /* iOSTests */,
			);
			name = iOSTests;
			packageProductDependencies = (
			);
			productName = iOSTests;
			productReference = DF0DA33E2FE8445600A02339 /* iOSTests.xctest */;
			productType = "com.apple.product-type.bundle.unit-test";
		};
		DF0DA3472FE8445600A02339 /* iOSUITests */ = {
			isa = PBXNativeTarget;
			buildConfigurationList = DF0DA3582FE8445600A02339 /* Build configuration list for PBXNativeTarget "iOSUITests" */;
			buildPhases = (
				DF0DA3442FE8445600A02339 /* Sources */,
				DF0DA3452FE8445600A02339 /* Frameworks */,
				DF0DA3462FE8445600A02339 /* Resources */,
			);
			buildRules = (
			);
			dependencies = (
				DF0DA34A2FE8445600A02339 /* PBXTargetDependency */,
			);
			fileSystemSynchronizedGroups = (
				DF0DA34B2FE8445600A02339 /* iOSUITests */,
			);
			name = iOSUITests;
			packageProductDependencies = (
			);
			productName = iOSUITests;
			productReference = DF0DA3482FE8445600A02339 /* iOSUITests.xctest */;
			productType = "com.apple.product-type.bundle.ui-testing";
		};
		DF6ADD9D2FEAF2CB0045484F /* iosClip */ = {
			isa = PBXNativeTarget;
			buildConfigurationList = DF6ADDC42FEAF2CC0045484F /* Build configuration list for PBXNativeTarget "iosClip" */;
			buildPhases = (
				DF6ADD9A2FEAF2CB0045484F /* Sources */,
				DF6ADD9B2FEAF2CB0045484F /* Frameworks */,
				DF6ADD9C2FEAF2CB0045484F /* Resources */,
			);
			buildRules = (
			);
			dependencies = (
			);
			fileSystemSynchronizedGroups = (
				DF6ADD9F2FEAF2CB0045484F /* iosClip */,
			);
			name = iosClip;
			packageProductDependencies = (
				DF6ADDF12FEB03A30045484F /* SwiftStreamingMarkdown */,
				DF6ADDF32FEB03A30045484F /* RxAuthSwift */,
				DF6ADDF52FEB03A30045484F /* RxAuthSwiftUI */,
				DF6ADDF82FEB03C60045484F /* RevenueCatUI */,
			);
			productName = iosClip;
			productReference = DF6ADD9E2FEAF2CB0045484F /* iosClip.app */;
			productType = "com.apple.product-type.application.on-demand-install-capable";
		};
		DF6ADDAD2FEAF2CC0045484F /* iosClipTests */ = {
			isa = PBXNativeTarget;
			buildConfigurationList = DF6ADDC82FEAF2CC0045484F /* Build configuration list for PBXNativeTarget "iosClipTests" */;
			buildPhases = (
				DF6ADDAA2FEAF2CC0045484F /* Sources */,
				DF6ADDAB2FEAF2CC0045484F /* Frameworks */,
				DF6ADDAC2FEAF2CC0045484F /* Resources */,
			);
			buildRules = (
			);
			dependencies = (
				DF6ADDB02FEAF2CC0045484F /* PBXTargetDependency */,
			);
			fileSystemSynchronizedGroups = (
				DF6ADDB12FEAF2CC0045484F /* iosClipTests */,
			);
			name = iosClipTests;
			packageProductDependencies = (
			);
			productName = iosClipTests;
			productReference = DF6ADDAE2FEAF2CC0045484F /* iosClipTests.xctest */;
			productType = "com.apple.product-type.bundle.unit-test";
		};
		DF6ADDB72FEAF2CC0045484F /* iosClipUITests */ = {
			isa = PBXNativeTarget;
			buildConfigurationList = DF6ADDCB2FEAF2CC0045484F /* Build configuration list for PBXNativeTarget "iosClipUITests" */;
			buildPhases = (
				DF6ADDB42FEAF2CC0045484F /* Sources */,
				DF6ADDB52FEAF2CC0045484F /* Frameworks */,
				DF6ADDB62FEAF2CC0045484F /* Resources */,
			);
			buildRules = (
			);
			dependencies = (
				DF6ADDBA2FEAF2CC0045484F /* PBXTargetDependency */,
			);
			fileSystemSynchronizedGroups = (
				DF6ADDBB2FEAF2CC0045484F /* iosClipUITests */,
			);
			name = iosClipUITests;
			packageProductDependencies = (
			);
			productName = iosClipUITests;
			productReference = DF6ADDB82FEAF2CC0045484F /* iosClipUITests.xctest */;
			productType = "com.apple.product-type.bundle.ui-testing";
		};
/* End PBXNativeTarget section */

/* Begin PBXProject section */
		DF0DA3272FE8445500A02339 /* Project object */ = {
			isa = PBXProject;
			attributes = {
				BuildIndependentTargetsInParallel = 1;
				LastSwiftUpdateCheck = 2650;
				LastUpgradeCheck = 2630;
				TargetAttributes = {
					DF0DA32E2FE8445500A02339 = {
						CreatedOnToolsVersion = 26.3;
					};
					DF0DA33D2FE8445600A02339 = {
						CreatedOnToolsVersion = 26.3;
						TestTargetID = DF0DA32E2FE8445500A02339;
					};
					DF0DA3472FE8445600A02339 = {
						CreatedOnToolsVersion = 26.3;
						TestTargetID = DF0DA32E2FE8445500A02339;
					};
					DF6ADD9D2FEAF2CB0045484F = {
						CreatedOnToolsVersion = 26.5;
					};
					DF6ADDAD2FEAF2CC0045484F = {
						CreatedOnToolsVersion = 26.5;
						TestTargetID = DF6ADD9D2FEAF2CB0045484F;
					};
					DF6ADDB72FEAF2CC0045484F = {
						CreatedOnToolsVersion = 26.5;
						TestTargetID = DF6ADD9D2FEAF2CB0045484F;
					};
				};
			};
			buildConfigurationList = DF0DA32A2FE8445500A02339 /* Build configuration list for PBXProject "iOS" */;
			developmentRegion = en;
			hasScannedForEncodings = 0;
			knownRegions = (
				en,
				Base,
				"zh-Hans",
				"zh-Hant-HK",
				"zh-Hant-TW",
			);
			mainGroup = DF0DA3262FE8445500A02339;
			minimizedProjectReferenceProxies = 1;
			packageReferences = (
				DF0DA35B2FE8459500A02339 /* XCRemoteSwiftPackageReference "SwiftStreamingMarkdown" */,
				DFF5269C2FE8529A007BEF2A /* XCRemoteSwiftPackageReference "RxAuthSwift" */,
				DF6AD85A2FE9E5530045484F /* XCRemoteSwiftPackageReference "purchases-ios-spm" */,
			);
			preferredProjectObjectVersion = 77;
			productRefGroup = DF0DA3302FE8445500A02339 /* Products */;
			projectDirPath = "";
			projectRoot = "";
			targets = (
				DF0DA32E2FE8445500A02339 /* iOS */,
				DF0DA33D2FE8445600A02339 /* iOSTests */,
				DF0DA3472FE8445600A02339 /* iOSUITests */,
				DF6ADD9D2FEAF2CB0045484F /* iosClip */,
				DF6ADDAD2FEAF2CC0045484F /* iosClipTests */,
				DF6ADDB72FEAF2CC0045484F /* iosClipUITests */,
			);
		};
/* End PBXProject section */

/* Begin PBXResourcesBuildPhase section */
		DF0DA32D2FE8445500A02339 /* Resources */ = {
			isa = PBXResourcesBuildPhase;
			buildActionMask = 2147483647;
			files = (
				DF6AE8592FEBD09E0045484F /* icon.icon in Resources */,
			);
			runOnlyForDeploymentPostprocessing = 0;
		};
		DF0DA33C2FE8445600A02339 /* Resources */ = {
			isa = PBXResourcesBuildPhase;
			buildActionMask = 2147483647;
			files = (
			);
			runOnlyForDeploymentPostprocessing = 0;
		};
		DF0DA3462FE8445600A02339 /* Resources */ = {
			isa = PBXResourcesBuildPhase;
			buildActionMask = 2147483647;
			files = (
			);
			runOnlyForDeploymentPostprocessing = 0;
		};
		DF6ADD9C2FEAF2CB0045484F /* Resources */ = {
			isa = PBXResourcesBuildPhase;
			buildActionMask = 2147483647;
			files = (
				DF6AE85A2FEBD09E0045484F /* icon.icon in Resources */,
			);
			runOnlyForDeploymentPostprocessing = 0;
		};
		DF6ADDAC2FEAF2CC0045484F /* Resources */ = {
			isa = PBXResourcesBuildPhase;
			buildActionMask = 2147483647;
			files = (
			);
			runOnlyForDeploymentPostprocessing = 0;
		};
		DF6ADDB62FEAF2CC0045484F /* Resources */ = {
			isa = PBXResourcesBuildPhase;
			buildActionMask = 2147483647;
			files = (
			);
			runOnlyForDeploymentPostprocessing = 0;
		};
/* End PBXResourcesBuildPhase section */

/* Begin PBXSourcesBuildPhase section */
		DF0DA32B2FE8445500A02339 /* Sources */ = {
			isa = PBXSourcesBuildPhase;
			buildActionMask = 2147483647;
			files = (
			);
			runOnlyForDeploymentPostprocessing = 0;
		};
		DF0DA33A2FE8445600A02339 /* Sources */ = {
			isa = PBXSourcesBuildPhase;
			buildActionMask = 2147483647;
			files = (
			);
			runOnlyForDeploymentPostprocessing = 0;
		};
		DF0DA3442FE8445600A02339 /* Sources */ = {
			isa = PBXSourcesBuildPhase;
			buildActionMask = 2147483647;
			files = (
			);
			runOnlyForDeploymentPostprocessing = 0;
		};
		DF6ADD9A2FEAF2CB0045484F /* Sources */ = {
			isa = PBXSourcesBuildPhase;
			buildActionMask = 2147483647;
			files = (
			);
			runOnlyForDeploymentPostprocessing = 0;
		};
		DF6ADDAA2FEAF2CC0045484F /* Sources */ = {
			isa = PBXSourcesBuildPhase;
			buildActionMask = 2147483647;
			files = (
			);
			runOnlyForDeploymentPostprocessing = 0;
		};
		DF6ADDB42FEAF2CC0045484F /* Sources */ = {
			isa = PBXSourcesBuildPhase;
			buildActionMask = 2147483647;
			files = (
			);
			runOnlyForDeploymentPostprocessing = 0;
		};
/* End PBXSourcesBuildPhase section */

/* Begin PBXTargetDependency section */
		DF0DA3402FE8445600A02339 /* PBXTargetDependency */ = {
			isa = PBXTargetDependency;
			target = DF0DA32E2FE8445500A02339 /* iOS */;
			targetProxy = DF0DA33F2FE8445600A02339 /* PBXContainerItemProxy */;
		};
		DF0DA34A2FE8445600A02339 /* PBXTargetDependency */ = {
			isa = PBXTargetDependency;
			target = DF0DA32E2FE8445500A02339 /* iOS */;
			targetProxy = DF0DA3492FE8445600A02339 /* PBXContainerItemProxy */;
		};
		DF6ADDB02FEAF2CC0045484F /* PBXTargetDependency */ = {
			isa = PBXTargetDependency;
			target = DF6ADD9D2FEAF2CB0045484F /* iosClip */;
			targetProxy = DF6ADDAF2FEAF2CC0045484F /* PBXContainerItemProxy */;
		};
		DF6ADDBA2FEAF2CC0045484F /* PBXTargetDependency */ = {
			isa = PBXTargetDependency;
			target = DF6ADD9D2FEAF2CB0045484F /* iosClip */;
			targetProxy = DF6ADDB92FEAF2CC0045484F /* PBXContainerItemProxy */;
		};
		DF6ADDC12FEAF2CC0045484F /* PBXTargetDependency */ = {
			isa = PBXTargetDependency;
			target = DF6ADD9D2FEAF2CB0045484F /* iosClip */;
			targetProxy = DF6ADDC02FEAF2CC0045484F /* PBXContainerItemProxy */;
		};
/* End PBXTargetDependency section */

/* Begin XCBuildConfiguration section */
		DF0DA3502FE8445600A02339 /* Debug */ = {
			isa = XCBuildConfiguration;
			buildSettings = {
				ALWAYS_SEARCH_USER_PATHS = NO;
				ASSETCATALOG_COMPILER_GENERATE_SWIFT_ASSET_SYMBOL_EXTENSIONS = YES;
				CLANG_ANALYZER_NONNULL = YES;
				CLANG_ANALYZER_NUMBER_OBJECT_CONVERSION = YES_AGGRESSIVE;
				CLANG_CXX_LANGUAGE_STANDARD = "gnu++20";
				CLANG_ENABLE_MODULES = YES;
				CLANG_ENABLE_OBJC_ARC = YES;
				CLANG_ENABLE_OBJC_WEAK = YES;
				CLANG_WARN_BLOCK_CAPTURE_AUTORELEASING = YES;
				CLANG_WARN_BOOL_CONVERSION = YES;
				CLANG_WARN_COMMA = YES;
				CLANG_WARN_CONSTANT_CONVERSION = YES;
				CLANG_WARN_DEPRECATED_OBJC_IMPLEMENTATIONS = YES;
				CLANG_WARN_DIRECT_OBJC_ISA_USAGE = YES_ERROR;
				CLANG_WARN_DOCUMENTATION_COMMENTS = YES;
				CLANG_WARN_EMPTY_BODY = YES;
				CLANG_WARN_ENUM_CONVERSION = YES;
				CLANG_WARN_INFINITE_RECURSION = YES;
				CLANG_WARN_INT_CONVERSION = YES;
				CLANG_WARN_NON_LITERAL_NULL_CONVERSION = YES;
				CLANG_WARN_OBJC_IMPLICIT_RETAIN_SELF = YES;
				CLANG_WARN_OBJC_LITERAL_CONVERSION = YES;
				CLANG_WARN_OBJC_ROOT_CLASS = YES_ERROR;
				CLANG_WARN_QUOTED_INCLUDE_IN_FRAMEWORK_HEADER = YES;
				CLANG_WARN_RANGE_LOOP_ANALYSIS = YES;
				CLANG_WARN_STRICT_PROTOTYPES = YES;
				CLANG_WARN_SUSPICIOUS_MOVE = YES;
				CLANG_WARN_UNGUARDED_AVAILABILITY = YES_AGGRESSIVE;
				CLANG_WARN_UNREACHABLE_CODE = YES;
				CLANG_WARN__DUPLICATE_METHOD_MATCH = YES;
				COPY_PHASE_STRIP = NO;
				DEBUG_INFORMATION_FORMAT = dwarf;
				DEVELOPMENT_TEAM = P9KK452K8P;
				ENABLE_STRICT_OBJC_MSGSEND = YES;
				ENABLE_TESTABILITY = YES;
				ENABLE_USER_SCRIPT_SANDBOXING = YES;
				GCC_C_LANGUAGE_STANDARD = gnu17;
				GCC_DYNAMIC_NO_PIC = NO;
				GCC_NO_COMMON_BLOCKS = YES;
				GCC_OPTIMIZATION_LEVEL = 0;
				GCC_PREPROCESSOR_DEFINITIONS = (
					"DEBUG=1",
					"$(inherited)",
				);
				GCC_WARN_64_TO_32_BIT_CONVERSION = YES;
				GCC_WARN_ABOUT_RETURN_TYPE = YES_ERROR;
				GCC_WARN_UNDECLARED_SELECTOR = YES;
				GCC_WARN_UNINITIALIZED_AUTOS = YES_AGGRESSIVE;
				GCC_WARN_UNUSED_FUNCTION = YES;
				GCC_WARN_UNUSED_VARIABLE = YES;
				LOCALIZATION_PREFERS_STRING_CATALOGS = YES;
				MTL_ENABLE_DEBUG_INFO = INCLUDE_SOURCE;
				MTL_FAST_MATH = YES;
				ONLY_ACTIVE_ARCH = YES;
				SWIFT_ACTIVE_COMPILATION_CONDITIONS = "DEBUG $(inherited)";
				SWIFT_OPTIMIZATION_LEVEL = "-Onone";
			};
			name = Debug;
		};
		DF0DA3512FE8445600A02339 /* Release */ = {
			isa = XCBuildConfiguration;
			buildSettings = {
				ALWAYS_SEARCH_USER_PATHS = NO;
				ASSETCATALOG_COMPILER_GENERATE_SWIFT_ASSET_SYMBOL_EXTENSIONS = YES;
				CLANG_ANALYZER_NONNULL = YES;
				CLANG_ANALYZER_NUMBER_OBJECT_CONVERSION = YES_AGGRESSIVE;
				CLANG_CXX_LANGUAGE_STANDARD = "gnu++20";
				CLANG_ENABLE_MODULES = YES;
				CLANG_ENABLE_OBJC_ARC = YES;
				CLANG_ENABLE_OBJC_WEAK = YES;
				CLANG_WARN_BLOCK_CAPTURE_AUTORELEASING = YES;
				CLANG_WARN_BOOL_CONVERSION = YES;
				CLANG_WARN_COMMA = YES;
				CLANG_WARN_CONSTANT_CONVERSION = YES;
				CLANG_WARN_DEPRECATED_OBJC_IMPLEMENTATIONS = YES;
				CLANG_WARN_DIRECT_OBJC_ISA_USAGE = YES_ERROR;
				CLANG_WARN_DOCUMENTATION_COMMENTS = YES;
				CLANG_WARN_EMPTY_BODY = YES;
				CLANG_WARN_ENUM_CONVERSION = YES;
				CLANG_WARN_INFINITE_RECURSION = YES;
				CLANG_WARN_INT_CONVERSION = YES;
				CLANG_WARN_NON_LITERAL_NULL_CONVERSION = YES;
				CLANG_WARN_OBJC_IMPLICIT_RETAIN_SELF = YES;
				CLANG_WARN_OBJC_LITERAL_CONVERSION = YES;
				CLANG_WARN_OBJC_ROOT_CLASS = YES_ERROR;
				CLANG_WARN_QUOTED_INCLUDE_IN_FRAMEWORK_HEADER = YES;
				CLANG_WARN_RANGE_LOOP_ANALYSIS = YES;
				CLANG_WARN_STRICT_PROTOTYPES = YES;
				CLANG_WARN_SUSPICIOUS_MOVE = YES;
				CLANG_WARN_UNGUARDED_AVAILABILITY = YES_AGGRESSIVE;
				CLANG_WARN_UNREACHABLE_CODE = YES;
				CLANG_WARN__DUPLICATE_METHOD_MATCH = YES;
				COPY_PHASE_STRIP = NO;
				DEBUG_INFORMATION_FORMAT = "dwarf-with-dsym";
				DEVELOPMENT_TEAM = P9KK452K8P;
				ENABLE_NS_ASSERTIONS = NO;
				ENABLE_STRICT_OBJC_MSGSEND = YES;
				ENABLE_USER_SCRIPT_SANDBOXING = YES;
				GCC_C_LANGUAGE_STANDARD = gnu17;
				GCC_NO_COMMON_BLOCKS = YES;
				GCC_WARN_64_TO_32_BIT_CONVERSION = YES;
				GCC_WARN_ABOUT_RETURN_TYPE = YES_ERROR;
				GCC_WARN_UNDECLARED_SELECTOR = YES;
				GCC_WARN_UNINITIALIZED_AUTOS = YES_AGGRESSIVE;
				GCC_WARN_UNUSED_FUNCTION = YES;
				GCC_WARN_UNUSED_VARIABLE = YES;
				LOCALIZATION_PREFERS_STRING_CATALOGS = YES;
				MTL_ENABLE_DEBUG_INFO = NO;
				MTL_FAST_MATH = YES;
				SWIFT_COMPILATION_MODE = wholemodule;
			};
			name = Release;
		};
		DF0DA3532FE8445600A02339 /* Debug */ = {
			isa = XCBuildConfiguration;
			baseConfigurationReference = DFF526A12FE852D0007BEF2A /* Debug.xcconfig */;
			buildSettings = {
				ASSETCATALOG_COMPILER_APPICON_NAME = icon;
				ASSETCATALOG_COMPILER_GLOBAL_ACCENT_COLOR_NAME = AccentColor;
				CODE_SIGN_ENTITLEMENTS = Config/iOS.entitlements;
				CODE_SIGN_STYLE = Automatic;
				CURRENT_PROJECT_VERSION = 1;
				DEVELOPMENT_TEAM = T7GYB573Y6;
				ENABLE_APP_SANDBOX = YES;
				ENABLE_HARDENED_RUNTIME = YES;
				ENABLE_PREVIEWS = YES;
				ENABLE_USER_SELECTED_FILES = readonly;
				GENERATE_INFOPLIST_FILE = NO;
				INFOPLIST_FILE = Config/Info.plist;
				INFOPLIST_KEY_CFBundleDisplayName = "Podcast FM";
				INFOPLIST_KEY_LSApplicationCategoryType = "public.app-category.business";
				"INFOPLIST_KEY_UIApplicationSceneManifest_Generation[sdk=iphoneos*]" = YES;
				"INFOPLIST_KEY_UIApplicationSceneManifest_Generation[sdk=iphonesimulator*]" = YES;
				"INFOPLIST_KEY_UIApplicationSupportsIndirectInputEvents[sdk=iphoneos*]" = YES;
				"INFOPLIST_KEY_UIApplicationSupportsIndirectInputEvents[sdk=iphonesimulator*]" = YES;
				"INFOPLIST_KEY_UILaunchScreen_Generation[sdk=iphoneos*]" = YES;
				"INFOPLIST_KEY_UILaunchScreen_Generation[sdk=iphonesimulator*]" = YES;
				"INFOPLIST_KEY_UIStatusBarStyle[sdk=iphoneos*]" = UIStatusBarStyleDefault;
				"INFOPLIST_KEY_UIStatusBarStyle[sdk=iphonesimulator*]" = UIStatusBarStyleDefault;
				INFOPLIST_KEY_UISupportedInterfaceOrientations_iPad = "UIInterfaceOrientationPortrait UIInterfaceOrientationPortraitUpsideDown UIInterfaceOrientationLandscapeLeft UIInterfaceOrientationLandscapeRight";
				INFOPLIST_KEY_UISupportedInterfaceOrientations_iPhone = "UIInterfaceOrientationPortrait UIInterfaceOrientationLandscapeLeft UIInterfaceOrientationLandscapeRight";
				IPHONEOS_DEPLOYMENT_TARGET = 26.0;
				LD_RUNPATH_SEARCH_PATHS = "@executable_path/Frameworks";
				"LD_RUNPATH_SEARCH_PATHS[sdk=macosx*]" = "@executable_path/../Frameworks";
				MACOSX_DEPLOYMENT_TARGET = 26.0;
				MARKETING_VERSION = 1.0;
				PRODUCT_BUNDLE_IDENTIFIER = "app.rxlab.debate-bot";
				PRODUCT_NAME = "$(TARGET_NAME)";
				REGISTER_APP_GROUPS = YES;
				SDKROOT = auto;
				STRING_CATALOG_GENERATE_SYMBOLS = YES;
				SUPPORTED_PLATFORMS = "iphoneos iphonesimulator macosx xros xrsimulator";
				SWIFT_APPROACHABLE_CONCURRENCY = YES;
				SWIFT_DEFAULT_ACTOR_ISOLATION = MainActor;
				SWIFT_EMIT_LOC_STRINGS = YES;
				SWIFT_UPCOMING_FEATURE_MEMBER_IMPORT_VISIBILITY = YES;
				SWIFT_VERSION = 5.0;
				TARGETED_DEVICE_FAMILY = "1,2,7";
				XROS_DEPLOYMENT_TARGET = 26.0;
			};
			name = Debug;
		};
		DF0DA3542FE8445600A02339 /* Release */ = {
			isa = XCBuildConfiguration;
			baseConfigurationReference = DFF526A22FE852D0007BEF2A /* Release.xcconfig */;
			buildSettings = {
				ASSETCATALOG_COMPILER_APPICON_NAME = icon;
				ASSETCATALOG_COMPILER_GLOBAL_ACCENT_COLOR_NAME = AccentColor;
				CODE_SIGN_ENTITLEMENTS = Config/iOS.entitlements;
				CODE_SIGN_STYLE = Automatic;
				CURRENT_PROJECT_VERSION = 1;
				DEVELOPMENT_TEAM = T7GYB573Y6;
				ENABLE_APP_SANDBOX = YES;
				ENABLE_HARDENED_RUNTIME = YES;
				ENABLE_PREVIEWS = YES;
				ENABLE_USER_SELECTED_FILES = readonly;
				GENERATE_INFOPLIST_FILE = NO;
				INFOPLIST_FILE = Config/Info.plist;
				INFOPLIST_KEY_CFBundleDisplayName = "Podcast FM";
				INFOPLIST_KEY_LSApplicationCategoryType = "public.app-category.business";
				"INFOPLIST_KEY_UIApplicationSceneManifest_Generation[sdk=iphoneos*]" = YES;
				"INFOPLIST_KEY_UIApplicationSceneManifest_Generation[sdk=iphonesimulator*]" = YES;
				"INFOPLIST_KEY_UIApplicationSupportsIndirectInputEvents[sdk=iphoneos*]" = YES;
				"INFOPLIST_KEY_UIApplicationSupportsIndirectInputEvents[sdk=iphonesimulator*]" = YES;
				"INFOPLIST_KEY_UILaunchScreen_Generation[sdk=iphoneos*]" = YES;
				"INFOPLIST_KEY_UILaunchScreen_Generation[sdk=iphonesimulator*]" = YES;
				"INFOPLIST_KEY_UIStatusBarStyle[sdk=iphoneos*]" = UIStatusBarStyleDefault;
				"INFOPLIST_KEY_UIStatusBarStyle[sdk=iphonesimulator*]" = UIStatusBarStyleDefault;
				INFOPLIST_KEY_UISupportedInterfaceOrientations_iPad = "UIInterfaceOrientationPortrait UIInterfaceOrientationPortraitUpsideDown UIInterfaceOrientationLandscapeLeft UIInterfaceOrientationLandscapeRight";
				INFOPLIST_KEY_UISupportedInterfaceOrientations_iPhone = "UIInterfaceOrientationPortrait UIInterfaceOrientationLandscapeLeft UIInterfaceOrientationLandscapeRight";
				IPHONEOS_DEPLOYMENT_TARGET = 26.0;
				LD_RUNPATH_SEARCH_PATHS = "@executable_path/Frameworks";
				"LD_RUNPATH_SEARCH_PATHS[sdk=macosx*]" = "@executable_path/../Frameworks";
				MACOSX_DEPLOYMENT_TARGET = 26.0;
				MARKETING_VERSION = 1.0;
				PRODUCT_BUNDLE_IDENTIFIER = "app.rxlab.debate-bot";
				PRODUCT_NAME = "$(TARGET_NAME)";
				REGISTER_APP_GROUPS = YES;
				SDKROOT = auto;
				STRING_CATALOG_GENERATE_SYMBOLS = YES;
				SUPPORTED_PLATFORMS = "iphoneos iphonesimulator macosx xros xrsimulator";
				SWIFT_APPROACHABLE_CONCURRENCY = YES;
				SWIFT_DEFAULT_ACTOR_ISOLATION = MainActor;
				SWIFT_EMIT_LOC_STRINGS = YES;
				SWIFT_UPCOMING_FEATURE_MEMBER_IMPORT_VISIBILITY = YES;
				SWIFT_VERSION = 5.0;
				TARGETED_DEVICE_FAMILY = "1,2,7";
				XROS_DEPLOYMENT_TARGET = 26.0;
			};
			name = Release;
		};
		DF0DA3562FE8445600A02339 /* Debug */ = {
			isa = XCBuildConfiguration;
			buildSettings = {
				BUNDLE_LOADER = "$(TEST_HOST)";
				CODE_SIGN_STYLE = Automatic;
				CURRENT_PROJECT_VERSION = 1;
				DEVELOPMENT_TEAM = P9KK452K8P;
				GENERATE_INFOPLIST_FILE = YES;
				IPHONEOS_DEPLOYMENT_TARGET = 26.2;
				MACOSX_DEPLOYMENT_TARGET = 26.2;
				MARKETING_VERSION = 1.0;
				PRODUCT_BUNDLE_IDENTIFIER = rxlab.iOSTests;
				PRODUCT_NAME = "$(TARGET_NAME)";
				SDKROOT = auto;
				STRING_CATALOG_GENERATE_SYMBOLS = NO;
				SUPPORTED_PLATFORMS = "iphoneos iphonesimulator macosx xros xrsimulator";
				SWIFT_APPROACHABLE_CONCURRENCY = YES;
				SWIFT_EMIT_LOC_STRINGS = NO;
				SWIFT_UPCOMING_FEATURE_MEMBER_IMPORT_VISIBILITY = YES;
				SWIFT_VERSION = 5.0;
				TARGETED_DEVICE_FAMILY = "1,2,7";
				TEST_HOST = "$(BUILT_PRODUCTS_DIR)/iOS.app/$(BUNDLE_EXECUTABLE_FOLDER_PATH)/iOS";
				XROS_DEPLOYMENT_TARGET = 26.2;
			};
			name = Debug;
		};
		DF0DA3572FE8445600A02339 /* Release */ = {
			isa = XCBuildConfiguration;
			buildSettings = {
				BUNDLE_LOADER = "$(TEST_HOST)";
				CODE_SIGN_STYLE = Automatic;
				CURRENT_PROJECT_VERSION = 1;
				DEVELOPMENT_TEAM = P9KK452K8P;
				GENERATE_INFOPLIST_FILE = YES;
				IPHONEOS_DEPLOYMENT_TARGET = 26.2;
				MACOSX_DEPLOYMENT_TARGET = 26.2;
				MARKETING_VERSION = 1.0;
				PRODUCT_BUNDLE_IDENTIFIER = rxlab.iOSTests;
				PRODUCT_NAME = "$(TARGET_NAME)";
				SDKROOT = auto;
				STRING_CATALOG_GENERATE_SYMBOLS = NO;
				SUPPORTED_PLATFORMS = "iphoneos iphonesimulator macosx xros xrsimulator";
				SWIFT_APPROACHABLE_CONCURRENCY = YES;
				SWIFT_EMIT_LOC_STRINGS = NO;
				SWIFT_UPCOMING_FEATURE_MEMBER_IMPORT_VISIBILITY = YES;
				SWIFT_VERSION = 5.0;
				TARGETED_DEVICE_FAMILY = "1,2,7";
				TEST_HOST = "$(BUILT_PRODUCTS_DIR)/iOS.app/$(BUNDLE_EXECUTABLE_FOLDER_PATH)/iOS";
				XROS_DEPLOYMENT_TARGET = 26.2;
			};
			name = Release;
		};
		DF0DA3592FE8445600A02339 /* Debug */ = {
			isa = XCBuildConfiguration;
			buildSettings = {
				CODE_SIGN_STYLE = Automatic;
				CURRENT_PROJECT_VERSION = 1;
				DEVELOPMENT_TEAM = P9KK452K8P;
				GENERATE_INFOPLIST_FILE = YES;
				IPHONEOS_DEPLOYMENT_TARGET = 26.2;
				MACOSX_DEPLOYMENT_TARGET = 26.2;
				MARKETING_VERSION = 1.0;
				PRODUCT_BUNDLE_IDENTIFIER = rxlab.iOSUITests;
				PRODUCT_NAME = "$(TARGET_NAME)";
				SDKROOT = auto;
				STRING_CATALOG_GENERATE_SYMBOLS = NO;
				SUPPORTED_PLATFORMS = "iphoneos iphonesimulator macosx xros xrsimulator";
				SWIFT_APPROACHABLE_CONCURRENCY = YES;
				SWIFT_EMIT_LOC_STRINGS = NO;
				SWIFT_UPCOMING_FEATURE_MEMBER_IMPORT_VISIBILITY = YES;
				SWIFT_VERSION = 5.0;
				TARGETED_DEVICE_FAMILY = "1,2,7";
				TEST_TARGET_NAME = iOS;
				XROS_DEPLOYMENT_TARGET = 26.2;
			};
			name = Debug;
		};
		DF0DA35A2FE8445600A02339 /* Release */ = {
			isa = XCBuildConfiguration;
			buildSettings = {
				CODE_SIGN_STYLE = Automatic;
				CURRENT_PROJECT_VERSION = 1;
				DEVELOPMENT_TEAM = P9KK452K8P;
				GENERATE_INFOPLIST_FILE = YES;
				IPHONEOS_DEPLOYMENT_TARGET = 26.2;
				MACOSX_DEPLOYMENT_TARGET = 26.2;
				MARKETING_VERSION = 1.0;
				PRODUCT_BUNDLE_IDENTIFIER = rxlab.iOSUITests;
				PRODUCT_NAME = "$(TARGET_NAME)";
				SDKROOT = auto;
				STRING_CATALOG_GENERATE_SYMBOLS = NO;
				SUPPORTED_PLATFORMS = "iphoneos iphonesimulator macosx xros xrsimulator";
				SWIFT_APPROACHABLE_CONCURRENCY = YES;
				SWIFT_EMIT_LOC_STRINGS = NO;
				SWIFT_UPCOMING_FEATURE_MEMBER_IMPORT_VISIBILITY = YES;
				SWIFT_VERSION = 5.0;
				TARGETED_DEVICE_FAMILY = "1,2,7";
				TEST_TARGET_NAME = iOS;
				XROS_DEPLOYMENT_TARGET = 26.2;
			};
			name = Release;
		};
		DF6ADDC52FEAF2CC0045484F /* Debug */ = {
			isa = XCBuildConfiguration;
			baseConfigurationReference = DFF526A12FE852D0007BEF2A /* Debug.xcconfig */;
			buildSettings = {
				ASSETCATALOG_COMPILER_APPICON_NAME = icon;
				ASSETCATALOG_COMPILER_GLOBAL_ACCENT_COLOR_NAME = AccentColor;
				CODE_SIGN_ENTITLEMENTS = iosClip/iosClip.entitlements;
				CODE_SIGN_STYLE = Automatic;
				CURRENT_PROJECT_VERSION = 1;
				DEVELOPMENT_TEAM = T7GYB573Y6;
				ENABLE_PREVIEWS = YES;
				GENERATE_INFOPLIST_FILE = YES;
				INFOPLIST_FILE = iosClip/Info.plist;
				INFOPLIST_KEY_CFBundleDisplayName = iOS;
				INFOPLIST_KEY_UIApplicationSceneManifest_Generation = YES;
				INFOPLIST_KEY_UIApplicationSupportsIndirectInputEvents = YES;
				INFOPLIST_KEY_UILaunchScreen_Generation = YES;
				INFOPLIST_KEY_UISupportedInterfaceOrientations_iPad = "UIInterfaceOrientationPortrait UIInterfaceOrientationPortraitUpsideDown UIInterfaceOrientationLandscapeLeft UIInterfaceOrientationLandscapeRight";
				INFOPLIST_KEY_UISupportedInterfaceOrientations_iPhone = "UIInterfaceOrientationPortrait UIInterfaceOrientationLandscapeLeft UIInterfaceOrientationLandscapeRight";
				IPHONEOS_DEPLOYMENT_TARGET = 26.5;
				LD_RUNPATH_SEARCH_PATHS = (
					"$(inherited)",
					"@executable_path/Frameworks",
				);
				MARKETING_VERSION = 1.0;
				PRODUCT_BUNDLE_IDENTIFIER = "app.rxlab.debate-bot.Clip";
				PRODUCT_NAME = "$(TARGET_NAME)";
				SDKROOT = iphoneos;
				STRING_CATALOG_GENERATE_SYMBOLS = YES;
				SWIFT_APPROACHABLE_CONCURRENCY = YES;
				SWIFT_DEFAULT_ACTOR_ISOLATION = MainActor;
				SWIFT_EMIT_LOC_STRINGS = YES;
				SWIFT_UPCOMING_FEATURE_MEMBER_IMPORT_VISIBILITY = YES;
				SWIFT_VERSION = 5.0;
				TARGETED_DEVICE_FAMILY = "1,2";
			};
			name = Debug;
		};
		DF6ADDC62FEAF2CC0045484F /* Release */ = {
			isa = XCBuildConfiguration;
			baseConfigurationReference = DFF526A22FE852D0007BEF2A /* Release.xcconfig */;
			buildSettings = {
				ASSETCATALOG_COMPILER_APPICON_NAME = icon;
				ASSETCATALOG_COMPILER_GLOBAL_ACCENT_COLOR_NAME = AccentColor;
				CODE_SIGN_ENTITLEMENTS = iosClip/iosClip.entitlements;
				CODE_SIGN_STYLE = Automatic;
				CURRENT_PROJECT_VERSION = 1;
				DEVELOPMENT_TEAM = T7GYB573Y6;
				ENABLE_PREVIEWS = YES;
				GENERATE_INFOPLIST_FILE = YES;
				INFOPLIST_FILE = iosClip/Info.plist;
				INFOPLIST_KEY_CFBundleDisplayName = iOS;
				INFOPLIST_KEY_UIApplicationSceneManifest_Generation = YES;
				INFOPLIST_KEY_UIApplicationSupportsIndirectInputEvents = YES;
				INFOPLIST_KEY_UILaunchScreen_Generation = YES;
				INFOPLIST_KEY_UISupportedInterfaceOrientations_iPad = "UIInterfaceOrientationPortrait UIInterfaceOrientationPortraitUpsideDown UIInterfaceOrientationLandscapeLeft UIInterfaceOrientationLandscapeRight";
				INFOPLIST_KEY_UISupportedInterfaceOrientations_iPhone = "UIInterfaceOrientationPortrait UIInterfaceOrientationLandscapeLeft UIInterfaceOrientationLandscapeRight";
				IPHONEOS_DEPLOYMENT_TARGET = 26.5;
				LD_RUNPATH_SEARCH_PATHS = (
					"$(inherited)",
					"@executable_path/Frameworks",
				);
				MARKETING_VERSION = 1.0;
				PRODUCT_BUNDLE_IDENTIFIER = "app.rxlab.debate-bot.Clip";
				PRODUCT_NAME = "$(TARGET_NAME)";
				SDKROOT = iphoneos;
				STRING_CATALOG_GENERATE_SYMBOLS = YES;
				SWIFT_APPROACHABLE_CONCURRENCY = YES;
				SWIFT_DEFAULT_ACTOR_ISOLATION = MainActor;
				SWIFT_EMIT_LOC_STRINGS = YES;
				SWIFT_UPCOMING_FEATURE_MEMBER_IMPORT_VISIBILITY = YES;
				SWIFT_VERSION = 5.0;
				TARGETED_DEVICE_FAMILY = "1,2";
				VALIDATE_PRODUCT = YES;
			};
			name = Release;
		};
		DF6ADDC92FEAF2CC0045484F /* Debug */ = {
			isa = XCBuildConfiguration;
			buildSettings = {
				BUNDLE_LOADER = "$(TEST_HOST)";
				CODE_SIGN_STYLE = Automatic;
				CURRENT_PROJECT_VERSION = 1;
				DEVELOPMENT_TEAM = P9KK452K8P;
				GENERATE_INFOPLIST_FILE = YES;
				IPHONEOS_DEPLOYMENT_TARGET = 26.5;
				MARKETING_VERSION = 1.0;
				PRODUCT_BUNDLE_IDENTIFIER = "app.rxlab.debate-bot.iosClipTests";
				PRODUCT_NAME = "$(TARGET_NAME)";
				SDKROOT = iphoneos;
				STRING_CATALOG_GENERATE_SYMBOLS = NO;
				SWIFT_APPROACHABLE_CONCURRENCY = YES;
				SWIFT_EMIT_LOC_STRINGS = NO;
				SWIFT_UPCOMING_FEATURE_MEMBER_IMPORT_VISIBILITY = YES;
				SWIFT_VERSION = 5.0;
				TARGETED_DEVICE_FAMILY = "1,2";
				TEST_HOST = "$(BUILT_PRODUCTS_DIR)/iosClip.app/$(BUNDLE_EXECUTABLE_FOLDER_PATH)/iosClip";
			};
			name = Debug;
		};
		DF6ADDCA2FEAF2CC0045484F /* Release */ = {
			isa = XCBuildConfiguration;
			buildSettings = {
				BUNDLE_LOADER = "$(TEST_HOST)";
				CODE_SIGN_STYLE = Automatic;
				CURRENT_PROJECT_VERSION = 1;
				DEVELOPMENT_TEAM = P9KK452K8P;
				GENERATE_INFOPLIST_FILE = YES;
				IPHONEOS_DEPLOYMENT_TARGET = 26.5;
				MARKETING_VERSION = 1.0;
				PRODUCT_BUNDLE_IDENTIFIER = "app.rxlab.debate-bot.iosClipTests";
				PRODUCT_NAME = "$(TARGET_NAME)";
				SDKROOT = iphoneos;
				STRING_CATALOG_GENERATE_SYMBOLS = NO;
				SWIFT_APPROACHABLE_CONCURRENCY = YES;
				SWIFT_EMIT_LOC_STRINGS = NO;
				SWIFT_UPCOMING_FEATURE_MEMBER_IMPORT_VISIBILITY = YES;
				SWIFT_VERSION = 5.0;
				TARGETED_DEVICE_FAMILY = "1,2";
				TEST_HOST = "$(BUILT_PRODUCTS_DIR)/iosClip.app/$(BUNDLE_EXECUTABLE_FOLDER_PATH)/iosClip";
				VALIDATE_PRODUCT = YES;
			};
			name = Release;
		};
		DF6ADDCC2FEAF2CC0045484F /* Debug */ = {
			isa = XCBuildConfiguration;
			buildSettings = {
				CODE_SIGN_STYLE = Automatic;
				CURRENT_PROJECT_VERSION = 1;
				DEVELOPMENT_TEAM = P9KK452K8P;
				GENERATE_INFOPLIST_FILE = YES;
				IPHONEOS_DEPLOYMENT_TARGET = 26.5;
				MARKETING_VERSION = 1.0;
				PRODUCT_BUNDLE_IDENTIFIER = "app.rxlab.debate-bot.iosClipUITests";
				PRODUCT_NAME = "$(TARGET_NAME)";
				SDKROOT = iphoneos;
				STRING_CATALOG_GENERATE_SYMBOLS = NO;
				SWIFT_APPROACHABLE_CONCURRENCY = YES;
				SWIFT_EMIT_LOC_STRINGS = NO;
				SWIFT_UPCOMING_FEATURE_MEMBER_IMPORT_VISIBILITY = YES;
				SWIFT_VERSION = 5.0;
				TARGETED_DEVICE_FAMILY = "1,2";
				TEST_TARGET_NAME = iosClip;
			};
			name = Debug;
		};
		DF6ADDCD2FEAF2CC0045484F /* Release */ = {
			isa = XCBuildConfiguration;
			buildSettings = {
				CODE_SIGN_STYLE = Automatic;
				CURRENT_PROJECT_VERSION = 1;
				DEVELOPMENT_TEAM = P9KK452K8P;
				GENERATE_INFOPLIST_FILE = YES;
				IPHONEOS_DEPLOYMENT_TARGET = 26.5;
				MARKETING_VERSION = 1.0;
				PRODUCT_BUNDLE_IDENTIFIER = "app.rxlab.debate-bot.iosClipUITests";
				PRODUCT_NAME = "$(TARGET_NAME)";
				SDKROOT = iphoneos;
				STRING_CATALOG_GENERATE_SYMBOLS = NO;
				SWIFT_APPROACHABLE_CONCURRENCY = YES;
				SWIFT_EMIT_LOC_STRINGS = NO;
				SWIFT_UPCOMING_FEATURE_MEMBER_IMPORT_VISIBILITY = YES;
				SWIFT_VERSION = 5.0;
				TARGETED_DEVICE_FAMILY = "1,2";
				TEST_TARGET_NAME = iosClip;
				VALIDATE_PRODUCT = YES;
			};
			name = Release;
		};
/* End XCBuildConfiguration section */

/* Begin XCConfigurationList section */
		DF0DA32A2FE8445500A02339 /* Build configuration list for PBXProject "iOS" */ = {
			isa = XCConfigurationList;
			buildConfigurations = (
				DF0DA3502FE8445600A02339 /* Debug */,
				DF0DA3512FE8445600A02339 /* Release */,
			);
			defaultConfigurationIsVisible = 0;
			defaultConfigurationName = Release;
		};
		DF0DA3522FE8445600A02339 /* Build configuration list for PBXNativeTarget "iOS" */ = {
			isa = XCConfigurationList;
			buildConfigurations = (
				DF0DA3532FE8445600A02339 /* Debug */,
				DF0DA3542FE8445600A02339 /* Release */,
			);
			defaultConfigurationIsVisible = 0;
			defaultConfigurationName = Release;
		};
		DF0DA3552FE8445600A02339 /* Build configuration list for PBXNativeTarget "iOSTests" */ = {
			isa = XCConfigurationList;
			buildConfigurations = (
				DF0DA3562FE8445600A02339 /* Debug */,
				DF0DA3572FE8445600A02339 /* Release */,
			);
			defaultConfigurationIsVisible = 0;
			defaultConfigurationName = Release;
		};
		DF0DA3582FE8445600A02339 /* Build configuration list for PBXNativeTarget "iOSUITests" */ = {
			isa = XCConfigurationList;
			buildConfigurations = (
				DF0DA3592FE8445600A02339 /* Debug */,
				DF0DA35A2FE8445600A02339 /* Release */,
			);
			defaultConfigurationIsVisible = 0;
			defaultConfigurationName = Release;
		};
		DF6ADDC42FEAF2CC0045484F /* Build configuration list for PBXNativeTarget "iosClip" */ = {
			isa = XCConfigurationList;
			buildConfigurations = (
				DF6ADDC52FEAF2CC0045484F /* Debug */,
				DF6ADDC62FEAF2CC0045484F /* Release */,
			);
			defaultConfigurationIsVisible = 0;
			defaultConfigurationName = Release;
		};
		DF6ADDC82FEAF2CC0045484F /* Build configuration list for PBXNativeTarget "iosClipTests" */ = {
			isa = XCConfigurationList;
			buildConfigurations = (
				DF6ADDC92FEAF2CC0045484F /* Debug */,
				DF6ADDCA2FEAF2CC0045484F /* Release */,
			);
			defaultConfigurationIsVisible = 0;
			defaultConfigurationName = Release;
		};
		DF6ADDCB2FEAF2CC0045484F /* Build configuration list for PBXNativeTarget "iosClipUITests" */ = {
			isa = XCConfigurationList;
			buildConfigurations = (
				DF6ADDCC2FEAF2CC0045484F /* Debug */,
				DF6ADDCD2FEAF2CC0045484F /* Release */,
			);
			defaultConfigurationIsVisible = 0;
			defaultConfigurationName = Release;
		};
/* End XCConfigurationList section */

/* Begin XCRemoteSwiftPackageReference section */
		DF0DA35B2FE8459500A02339 /* XCRemoteSwiftPackageReference "SwiftStreamingMarkdown" */ = {
			isa = XCRemoteSwiftPackageReference;
			repositoryURL = "https://github.com/sirily11/SwiftStreamingMarkdown";
			requirement = {
				branch = main;
				kind = branch;
			};
		};
		DF6AD85A2FE9E5530045484F /* XCRemoteSwiftPackageReference "purchases-ios-spm" */ = {
			isa = XCRemoteSwiftPackageReference;
			repositoryURL = "https://github.com/RevenueCat/purchases-ios-spm.git";
			requirement = {
				kind = upToNextMajorVersion;
				minimumVersion = 5.79.0;
			};
		};
		DFF5269C2FE8529A007BEF2A /* XCRemoteSwiftPackageReference "RxAuthSwift" */ = {
			isa = XCRemoteSwiftPackageReference;
			repositoryURL = "https://github.com/rxtech-lab/RxAuthSwift";
			requirement = {
				branch = main;
				kind = branch;
			};
		};
/* End XCRemoteSwiftPackageReference section */

/* Begin XCSwiftPackageProductDependency section */
		DF0DA35C2FE8459500A02339 /* SwiftStreamingMarkdown */ = {
			isa = XCSwiftPackageProductDependency;
			package = DF0DA35B2FE8459500A02339 /* XCRemoteSwiftPackageReference "SwiftStreamingMarkdown" */;
			productName = SwiftStreamingMarkdown;
		};
		DF6AD85B2FE9E5530045484F /* ReceiptParser */ = {
			isa = XCSwiftPackageProductDependency;
			package = DF6AD85A2FE9E5530045484F /* XCRemoteSwiftPackageReference "purchases-ios-spm" */;
			productName = ReceiptParser;
		};
		DF6AD85D2FE9E5530045484F /* RevenueCat */ = {
			isa = XCSwiftPackageProductDependency;
			package = DF6AD85A2FE9E5530045484F /* XCRemoteSwiftPackageReference "purchases-ios-spm" */;
			productName = RevenueCat;
		};
		DF6AD85F2FE9E5530045484F /* RevenueCatUI */ = {
			isa = XCSwiftPackageProductDependency;
			package = DF6AD85A2FE9E5530045484F /* XCRemoteSwiftPackageReference "purchases-ios-spm" */;
			productName = RevenueCatUI;
		};
		DF6ADDF12FEB03A30045484F /* SwiftStreamingMarkdown */ = {
			isa = XCSwiftPackageProductDependency;
			package = DF0DA35B2FE8459500A02339 /* XCRemoteSwiftPackageReference "SwiftStreamingMarkdown" */;
			productName = SwiftStreamingMarkdown;
		};
		DF6ADDF32FEB03A30045484F /* RxAuthSwift */ = {
			isa = XCSwiftPackageProductDependency;
			package = DFF5269C2FE8529A007BEF2A /* XCRemoteSwiftPackageReference "RxAuthSwift" */;
			productName = RxAuthSwift;
		};
		DF6ADDF52FEB03A30045484F /* RxAuthSwiftUI */ = {
			isa = XCSwiftPackageProductDependency;
			package = DFF5269C2FE8529A007BEF2A /* XCRemoteSwiftPackageReference "RxAuthSwift" */;
			productName = RxAuthSwiftUI;
		};
		DF6ADDF82FEB03C60045484F /* RevenueCatUI */ = {
			isa = XCSwiftPackageProductDependency;
			package = DF6AD85A2FE9E5530045484F /* XCRemoteSwiftPackageReference "purchases-ios-spm" */;
			productName = RevenueCatUI;
		};
		DFF5269D2FE8529A007BEF2A /* RxAuthSwift */ = {
			isa = XCSwiftPackageProductDependency;
			package = DFF5269C2FE8529A007BEF2A /* XCRemoteSwiftPackageReference "RxAuthSwift" */;
			productName = RxAuthSwift;
		};
		DFF5269F2FE8529A007BEF2A /* RxAuthSwiftUI */ = {
			isa = XCSwiftPackageProductDependency;
			package = DFF5269C2FE8529A007BEF2A /* XCRemoteSwiftPackageReference "RxAuthSwift" */;
			productName = RxAuthSwiftUI;
		};
/* End XCSwiftPackageProductDependency section */
	};
	rootObject = DF0DA3272FE8445500A02339 /* Project object */;
}
