{
  "originHash" : "59da49e5caca4482bf7f13d879558bc1b6bc1a3c4c7a524995cad1ffce9f08fc",
  "pins" : [
    {
      "identity" : "beautiful-mermaid-swift",
      "kind" : "remoteSourceControl",
      "location" : "https://github.com/lukilabs/beautiful-mermaid-swift",
      "state" : {
        "revision" : "6a23a29e91af8f5b3e9fc09945332ca193bd69ec",
        "version" : "1.0.4"
      }
    },
    {
      "identity" : "elk-swift",
      "kind" : "remoteSourceControl",
      "location" : "https://github.com/lukilabs/elk-swift",
      "state" : {
        "revision" : "32f8042e3509a4819f00ff9cd46e829ec2b26da0",
        "version" : "1.0.2"
      }
    },
    {
      "identity" : "equatable",
      "kind" : "remoteSourceControl",
      "location" : "https://github.com/ordo-one/equatable",
      "state" : {
        "revision" : "597c2bb34af0c51331eb3b5e705f942d8ee20daa",
        "version" : "1.4.1"
      }
    },
    {
      "identity" : "highlightswift",
      "kind" : "remoteSourceControl",
      "location" : "https://github.com/appstefan/highlightswift",
      "state" : {
        "revision" : "99c431b38a1444a5fd6a4978307fbbefe3a7af53"
      }
    },
    {
      "identity" : "iosmath",
      "kind" : "remoteSourceControl",
      "location" : "https://github.com/maitbayev/iosMath",
      "state" : {
        "revision" : "066ba2f8353782a644889efe9ceb884ea844180b"
      }
    },
    {
      "identity" : "kingfisher",
      "kind" : "remoteSourceControl",
      "location" : "https://github.com/onevcat/kingfisher",
      "state" : {
        "revision" : "ac632bd26a1c00f139ff62fd01806f21cf67325e",
        "version" : "8.10.0"
      }
    },
    {
      "identity" : "networkimage",
      "kind" : "remoteSourceControl",
      "location" : "https://github.com/gonzalezreal/NetworkImage",
      "state" : {
        "revision" : "2849f5323265386e200484b0d0f896e73c3411b9",
        "version" : "6.0.1"
      }
    },
    {
      "identity" : "purchases-ios-spm",
      "kind" : "remoteSourceControl",
      "location" : "https://github.com/RevenueCat/purchases-ios-spm.git",
      "state" : {
        "revision" : "6935da62be3f33f06ed16e9e49431fe9e10e1426",
        "version" : "5.79.0"
      }
    },
    {
      "identity" : "rxauthswift",
      "kind" : "remoteSourceControl",
      "location" : "https://github.com/rxtech-lab/RxAuthSwift",
      "state" : {
        "branch" : "main",
        "revision" : "af111a0fa7bdce6f9b53f4525df73a98d94e764e"
      }
    },
    {
      "identity" : "swift-cmark",
      "kind" : "remoteSourceControl",
      "location" : "https://github.com/swiftlang/swift-cmark.git",
      "state" : {
        "revision" : "924936d0427cb25a61169739a7660230bffa6ea6",
        "version" : "0.8.0"
      }
    },
    {
      "identity" : "swift-collections",
      "kind" : "remoteSourceControl",
      "location" : "https://github.com/apple/swift-collections",
      "state" : {
        "revision" : "a0cb0954ecb21e4e31b0070e6ed5674e8556685a",
        "version" : "1.6.0"
      }
    },
    {
      "identity" : "swift-json-schema",
      "kind" : "remoteSourceControl",
      "location" : "https://github.com/sirily11/swift-json-schema",
      "state" : {
        "revision" : "663afab8c131151950fd7fb114871c02a529a4b4",
        "version" : "1.0.2"
      }
    },
    {
      "identity" : "swift-jsonschema-form",
      "kind" : "remoteSourceControl",
      "location" : "https://github.com/sirily11/swift-jsonschema-form.git",
      "state" : {
        "revision" : "16639236ffc71713042d144dc1e92b4e8f1bc689",
        "version" : "1.0.5"
      }
    },
    {
      "identity" : "swift-log",
      "kind" : "remoteSourceControl",
      "location" : "https://github.com/apple/swift-log.git",
      "state" : {
        "revision" : "92448c359f00ebe36ae97d3bd9086f13c7692b5a",
        "version" : "1.13.2"
      }
    },
    {
      "identity" : "swift-markdown",
      "kind" : "remoteSourceControl",
      "location" : "https://github.com/swiftlang/swift-markdown.git",
      "state" : {
        "revision" : "7d9a5ce307528578dfa777d505496bd5f544ad94",
        "version" : "0.7.3"
      }
    },
    {
      "identity" : "swift-markdown-ui",
      "kind" : "remoteSourceControl",
      "location" : "https://github.com/gonzalezreal/swift-markdown-ui",
      "state" : {
        "revision" : "5f613358148239d0292c0cef674a3c2314737f9e",
        "version" : "2.4.1"
      }
    },
    {
      "identity" : "swift-syntax",
      "kind" : "remoteSourceControl",
      "location" : "https://github.com/swiftlang/swift-syntax.git",
      "state" : {
        "revision" : "79e4b74a295b6eb74a8b585e3a39d29e70c1dbd1",
        "version" : "603.0.2"
      }
    },
    {
      "identity" : "swiftstreamingmarkdown",
      "kind" : "remoteSourceControl",
      "location" : "https://github.com/sirily11/SwiftStreamingMarkdown",
      "state" : {
        "branch" : "main",
        "revision" : "b0391263e0a1a096218897a8d77b83684adff646"
      }
    }
  ],
  "version" : 3
}
